
Microsoft Visual Studio Solution File, Format Version 12.00
# Visual Studio 15
VisualStudioVersion = 15.0.28307.271
MinimumVisualStudioVersion = 10.0.40219.1
Project("{9A19103F-16F7-4668-BE54-9A1E7A4F7556}") = "GoPay", "GoPay\GoPay.csproj", "{6B2BFC26-8EBE-457A-9B51-CA055EA06EF4}"
EndProject
Global
	GlobalSection(SolutionConfigurationPlatforms) = preSolution
		Debug|Any CPU = Debug|Any CPU
		Release|Any CPU = Release|Any CPU
	EndGlobalSection
	GlobalSection(ProjectConfigurationPlatforms) = postSolution
		{6B2BFC26-8EBE-457A-9B51-CA055EA06EF4}.Debug|Any CPU.ActiveCfg = Debug|Any CPU
		{6B2BFC26-8EBE-457A-9B51-CA055EA06EF4}.Debug|Any CPU.Build.0 = Debug|Any CPU
		{6B2BFC26-8EBE-457A-9B51-CA055EA06EF4}.Release|Any CPU.ActiveCfg = Release|Any CPU
		{6B2BFC26-8EBE-457A-9B51-CA055EA06EF4}.Release|Any CPU.Build.0 = Release|Any CPU
	EndGlobalSection
	GlobalSection(SolutionProperties) = preSolution
		HideSolutionNode = FALSE
	EndGlobalSection
	GlobalSection(ExtensibilityGlobals) = postSolution
		SolutionGuid = {B09D6744-568A-41F7-B5A8-5B4933C8A481}
	EndGlobalSection
EndGlobal
